
Microsoft Visual Studio Solution File, Format Version 12.00
# Visual Studio Version 16
VisualStudioVersion = 16.0.29521.150
MinimumVisualStudioVersion = 10.0.40219.1
Project("{FAE04EC0-301F-11D3-BF4B-00C04F79EFBC}") = "FileFinder3", "FileFinder3\FileFinder3.csproj", "{5F5BA27F-9ADA-4137-B4E8-2108EDCAC3EF}"
EndProject
Project("{FAE04EC0-301F-11D3-BF4B-00C04F79EFBC}") = "WpfApp1", "WpfApp1\WpfApp1.csproj", "{27E3139A-E525-4CE0-828D-53A58F161D0A}"
EndProject
Project("{FAE04EC0-301F-11D3-BF4B-00C04F79EFBC}") = "WpfApp1Tests3", "WpfApp1Tests3\WpfApp1Tests3.csproj", "{DF0F893F-5862-4FDF-B62F-33E88D2FDB72}"
EndProject
Project("{9A19103F-16F7-4668-BE54-9A1E7A4F7556}") = "NLog", "..\NLog\src\NLog\NLog.csproj", "{A0BFF0DB-ED9A-4639-AE86-8E709A1EFC66}"
EndProject
Project("{2150E333-8FDC-42A3-9474-1A3956D46DE8}") = "Solution Items", "Solution Items", "{F5E3265D-F718-4980-B5C0-9BFFE079F86D}"
	ProjectSection(SolutionItems) = preProject
		Nuget.Config = Nuget.Config
	EndProjectSection
EndProject
Project("{FAE04EC0-301F-11D3-BF4B-00C04F79EFBC}") = "KayMcCormick.Dev.Test.Metadata", "KayMcCormick.Dev.Test.Metadata\KayMcCormick.Dev.Test.Metadata.csproj", "{CF1DCCEF-3324-45A2-A194-4A7B768E2291}"
EndProject
Project("{FAE04EC0-301F-11D3-BF4B-00C04F79EFBC}") = "Sentinel.NLog", "..\new\Sentinel\Sentinel.NLog\Sentinel.NLog.csproj", "{EABC1023-A456-44A7-9D8C-FCD0F6323C58}"
EndProject
Project("{FAE04EC0-301F-11D3-BF4B-00C04F79EFBC}") = "WpfExtras", "..\new\Sentinel\WpfExtras\WpfExtras.csproj", "{1DD6CD3B-E53D-4770-97C9-6A5B0B551E89}"
EndProject
Project("{FAE04EC0-301F-11D3-BF4B-00C04F79EFBC}") = "AppShared", "..\AppShared\AppShared\AppShared.csproj", "{C4C404AE-0214-481B-AB46-708ABD99AF9C}"
EndProject
Project("{FAE04EC0-301F-11D3-BF4B-00C04F79EFBC}") = "Sentinel.Interfaces", "..\new\Sentinel\Sentinel.Interfaces\Sentinel.Interfaces.csproj", "{AA7AE77F-D8FE-4D3E-98C0-789A0E886EC6}"
EndProject
Global
	GlobalSection(SolutionConfigurationPlatforms) = preSolution
		Debug|Any CPU = Debug|Any CPU
		Debug|x86 = Debug|x86
		Release|Any CPU = Release|Any CPU
		Release|x86 = Release|x86
	EndGlobalSection
	GlobalSection(ProjectConfigurationPlatforms) = postSolution
		{5F5BA27F-9ADA-4137-B4E8-2108EDCAC3EF}.Debug|Any CPU.ActiveCfg = Debug|Any CPU
		{5F5BA27F-9ADA-4137-B4E8-2108EDCAC3EF}.Debug|Any CPU.Build.0 = Debug|Any CPU
		{5F5BA27F-9ADA-4137-B4E8-2108EDCAC3EF}.Debug|x86.ActiveCfg = Debug|x86
		{5F5BA27F-9ADA-4137-B4E8-2108EDCAC3EF}.Debug|x86.Build.0 = Debug|x86
		{5F5BA27F-9ADA-4137-B4E8-2108EDCAC3EF}.Release|Any CPU.ActiveCfg = Release|Any CPU
		{5F5BA27F-9ADA-4137-B4E8-2108EDCAC3EF}.Release|Any CPU.Build.0 = Release|Any CPU
		{5F5BA27F-9ADA-4137-B4E8-2108EDCAC3EF}.Release|x86.ActiveCfg = Release|x86
		{5F5BA27F-9ADA-4137-B4E8-2108EDCAC3EF}.Release|x86.Build.0 = Release|x86
		{27E3139A-E525-4CE0-828D-53A58F161D0A}.Debug|Any CPU.ActiveCfg = Debug|Any CPU
		{27E3139A-E525-4CE0-828D-53A58F161D0A}.Debug|Any CPU.Build.0 = Debug|Any CPU
		{27E3139A-E525-4CE0-828D-53A58F161D0A}.Debug|x86.ActiveCfg = Debug|x86
		{27E3139A-E525-4CE0-828D-53A58F161D0A}.Debug|x86.Build.0 = Debug|x86
		{27E3139A-E525-4CE0-828D-53A58F161D0A}.Release|Any CPU.ActiveCfg = Release|Any CPU
		{27E3139A-E525-4CE0-828D-53A58F161D0A}.Release|Any CPU.Build.0 = Release|Any CPU
		{27E3139A-E525-4CE0-828D-53A58F161D0A}.Release|x86.ActiveCfg = Release|x86
		{27E3139A-E525-4CE0-828D-53A58F161D0A}.Release|x86.Build.0 = Release|x86
		{DF0F893F-5862-4FDF-B62F-33E88D2FDB72}.Debug|Any CPU.ActiveCfg = Debug|Any CPU
		{DF0F893F-5862-4FDF-B62F-33E88D2FDB72}.Debug|Any CPU.Build.0 = Debug|Any CPU
		{DF0F893F-5862-4FDF-B62F-33E88D2FDB72}.Debug|x86.ActiveCfg = Debug|Any CPU
		{DF0F893F-5862-4FDF-B62F-33E88D2FDB72}.Debug|x86.Build.0 = Debug|Any CPU
		{DF0F893F-5862-4FDF-B62F-33E88D2FDB72}.Release|Any CPU.ActiveCfg = Release|Any CPU
		{DF0F893F-5862-4FDF-B62F-33E88D2FDB72}.Release|Any CPU.Build.0 = Release|Any CPU
		{DF0F893F-5862-4FDF-B62F-33E88D2FDB72}.Release|x86.ActiveCfg = Release|Any CPU
		{DF0F893F-5862-4FDF-B62F-33E88D2FDB72}.Release|x86.Build.0 = Release|Any CPU
		{A0BFF0DB-ED9A-4639-AE86-8E709A1EFC66}.Debug|Any CPU.ActiveCfg = Debug|Any CPU
		{A0BFF0DB-ED9A-4639-AE86-8E709A1EFC66}.Debug|Any CPU.Build.0 = Debug|Any CPU
		{A0BFF0DB-ED9A-4639-AE86-8E709A1EFC66}.Debug|x86.ActiveCfg = Debug|Any CPU
		{A0BFF0DB-ED9A-4639-AE86-8E709A1EFC66}.Debug|x86.Build.0 = Debug|Any CPU
		{A0BFF0DB-ED9A-4639-AE86-8E709A1EFC66}.Release|Any CPU.ActiveCfg = Release|Any CPU
		{A0BFF0DB-ED9A-4639-AE86-8E709A1EFC66}.Release|Any CPU.Build.0 = Release|Any CPU
		{A0BFF0DB-ED9A-4639-AE86-8E709A1EFC66}.Release|x86.ActiveCfg = Release|Any CPU
		{A0BFF0DB-ED9A-4639-AE86-8E709A1EFC66}.Release|x86.Build.0 = Release|Any CPU
		{CF1DCCEF-3324-45A2-A194-4A7B768E2291}.Debug|Any CPU.ActiveCfg = Debug|Any CPU
		{CF1DCCEF-3324-45A2-A194-4A7B768E2291}.Debug|Any CPU.Build.0 = Debug|Any CPU
		{CF1DCCEF-3324-45A2-A194-4A7B768E2291}.Debug|x86.ActiveCfg = Debug|Any CPU
		{CF1DCCEF-3324-45A2-A194-4A7B768E2291}.Debug|x86.Build.0 = Debug|Any CPU
		{CF1DCCEF-3324-45A2-A194-4A7B768E2291}.Release|Any CPU.ActiveCfg = Release|Any CPU
		{CF1DCCEF-3324-45A2-A194-4A7B768E2291}.Release|Any CPU.Build.0 = Release|Any CPU
		{CF1DCCEF-3324-45A2-A194-4A7B768E2291}.Release|x86.ActiveCfg = Release|Any CPU
		{CF1DCCEF-3324-45A2-A194-4A7B768E2291}.Release|x86.Build.0 = Release|Any CPU
		{EABC1023-A456-44A7-9D8C-FCD0F6323C58}.Debug|Any CPU.ActiveCfg = Debug|Any CPU
		{EABC1023-A456-44A7-9D8C-FCD0F6323C58}.Debug|Any CPU.Build.0 = Debug|Any CPU
		{EABC1023-A456-44A7-9D8C-FCD0F6323C58}.Debug|x86.ActiveCfg = Debug|Any CPU
		{EABC1023-A456-44A7-9D8C-FCD0F6323C58}.Debug|x86.Build.0 = Debug|Any CPU
		{EABC1023-A456-44A7-9D8C-FCD0F6323C58}.Release|Any CPU.ActiveCfg = Release|Any CPU
		{EABC1023-A456-44A7-9D8C-FCD0F6323C58}.Release|Any CPU.Build.0 = Release|Any CPU
		{EABC1023-A456-44A7-9D8C-FCD0F6323C58}.Release|x86.ActiveCfg = Release|Any CPU
		{EABC1023-A456-44A7-9D8C-FCD0F6323C58}.Release|x86.Build.0 = Release|Any CPU
		{1DD6CD3B-E53D-4770-97C9-6A5B0B551E89}.Debug|Any CPU.ActiveCfg = Debug|Any CPU
		{1DD6CD3B-E53D-4770-97C9-6A5B0B551E89}.Debug|Any CPU.Build.0 = Debug|Any CPU
		{1DD6CD3B-E53D-4770-97C9-6A5B0B551E89}.Debug|x86.ActiveCfg = Debug|Any CPU
		{1DD6CD3B-E53D-4770-97C9-6A5B0B551E89}.Debug|x86.Build.0 = Debug|Any CPU
		{1DD6CD3B-E53D-4770-97C9-6A5B0B551E89}.Release|Any CPU.ActiveCfg = Release|Any CPU
		{1DD6CD3B-E53D-4770-97C9-6A5B0B551E89}.Release|Any CPU.Build.0 = Release|Any CPU
		{1DD6CD3B-E53D-4770-97C9-6A5B0B551E89}.Release|x86.ActiveCfg = Release|Any CPU
		{1DD6CD3B-E53D-4770-97C9-6A5B0B551E89}.Release|x86.Build.0 = Release|Any CPU
		{C4C404AE-0214-481B-AB46-708ABD99AF9C}.Debug|Any CPU.ActiveCfg = Debug|Any CPU
		{C4C404AE-0214-481B-AB46-708ABD99AF9C}.Debug|Any CPU.Build.0 = Debug|Any CPU
		{C4C404AE-0214-481B-AB46-708ABD99AF9C}.Debug|x86.ActiveCfg = Debug|Any CPU
		{C4C404AE-0214-481B-AB46-708ABD99AF9C}.Debug|x86.Build.0 = Debug|Any CPU
		{C4C404AE-0214-481B-AB46-708ABD99AF9C}.Release|Any CPU.ActiveCfg = Release|Any CPU
		{C4C404AE-0214-481B-AB46-708ABD99AF9C}.Release|Any CPU.Build.0 = Release|Any CPU
		{C4C404AE-0214-481B-AB46-708ABD99AF9C}.Release|x86.ActiveCfg = Release|Any CPU
		{C4C404AE-0214-481B-AB46-708ABD99AF9C}.Release|x86.Build.0 = Release|Any CPU
		{AA7AE77F-D8FE-4D3E-98C0-789A0E886EC6}.Debug|Any CPU.ActiveCfg = Debug|Any CPU
		{AA7AE77F-D8FE-4D3E-98C0-789A0E886EC6}.Debug|Any CPU.Build.0 = Debug|Any CPU
		{AA7AE77F-D8FE-4D3E-98C0-789A0E886EC6}.Debug|x86.ActiveCfg = Debug|Any CPU
		{AA7AE77F-D8FE-4D3E-98C0-789A0E886EC6}.Debug|x86.Build.0 = Debug|Any CPU
		{AA7AE77F-D8FE-4D3E-98C0-789A0E886EC6}.Release|Any CPU.ActiveCfg = Release|Any CPU
		{AA7AE77F-D8FE-4D3E-98C0-789A0E886EC6}.Release|Any CPU.Build.0 = Release|Any CPU
		{AA7AE77F-D8FE-4D3E-98C0-789A0E886EC6}.Release|x86.ActiveCfg = Release|Any CPU
		{AA7AE77F-D8FE-4D3E-98C0-789A0E886EC6}.Release|x86.Build.0 = Release|Any CPU
	EndGlobalSection
	GlobalSection(SolutionProperties) = preSolution
		HideSolutionNode = FALSE
	EndGlobalSection
	GlobalSection(ExtensibilityGlobals) = postSolution
		SolutionGuid = {66F13CAE-5596-4FE6-AD15-901E54FE9A2C}
	EndGlobalSection
EndGlobal
