
Microsoft Visual Studio Solution File, Format Version 12.00
# Visual Studio Version 16
VisualStudioVersion = 16.0.29521.150
MinimumVisualStudioVersion = 10.0.40219.1
Project("{FAE04EC0-301F-11D3-BF4B-00C04F79EFBC}") = "FileFinder3", "FileFinder3\FileFinder3.csproj", "{5F5BA27F-9ADA-4137-B4E8-2108EDCAC3EF}"
EndProject
Project("{FAE04EC0-301F-11D3-BF4B-00C04F79EFBC}") = "FileFinder3Tests2", "FileFinder3Tests2\FileFinder3Tests2.csproj", "{AC2C9CE7-D11B-42B7-95F7-D3B3EB3F3D7E}"
EndProject
Project("{FAE04EC0-301F-11D3-BF4B-00C04F79EFBC}") = "WpfApp1", "WpfApp1\WpfApp1.csproj", "{27E3139A-E525-4CE0-828D-53A58F161D0A}"
EndProject
Project("{FAE04EC0-301F-11D3-BF4B-00C04F79EFBC}") = "ConsoleApp1", "ConsoleApp1\ConsoleApp1.csproj", "{088C87EC-4E42-4573-B1DC-F04CC763C6EB}"
EndProject
Project("{FAE04EC0-301F-11D3-BF4B-00C04F79EFBC}") = "WpfColorFontDialog", "WpfColorFont\WpfColorFontDialog\WpfColorFontDialog.csproj", "{6C301B62-352A-4053-9B06-E148A85D47AA}"
EndProject
Project("{FAE04EC0-301F-11D3-BF4B-00C04F79EFBC}") = "WpfApp1Tests", "WpfApp1Tests\WpfApp1Tests.csproj", "{43BDCEEA-1305-4EA7-BB5D-2D1815F2ECD4}"
EndProject
Global
	GlobalSection(SolutionConfigurationPlatforms) = preSolution
		Debug|Any CPU = Debug|Any CPU
		Debug|x86 = Debug|x86
		Release|Any CPU = Release|Any CPU
		Release|x86 = Release|x86
	EndGlobalSection
	GlobalSection(ProjectConfigurationPlatforms) = postSolution
		{5F5BA27F-9ADA-4137-B4E8-2108EDCAC3EF}.Debug|Any CPU.ActiveCfg = Debug|Any CPU
		{5F5BA27F-9ADA-4137-B4E8-2108EDCAC3EF}.Debug|Any CPU.Build.0 = Debug|Any CPU
		{5F5BA27F-9ADA-4137-B4E8-2108EDCAC3EF}.Debug|x86.ActiveCfg = Debug|x86
		{5F5BA27F-9ADA-4137-B4E8-2108EDCAC3EF}.Debug|x86.Build.0 = Debug|x86
		{5F5BA27F-9ADA-4137-B4E8-2108EDCAC3EF}.Release|Any CPU.ActiveCfg = Release|Any CPU
		{5F5BA27F-9ADA-4137-B4E8-2108EDCAC3EF}.Release|Any CPU.Build.0 = Release|Any CPU
		{5F5BA27F-9ADA-4137-B4E8-2108EDCAC3EF}.Release|x86.ActiveCfg = Release|x86
		{5F5BA27F-9ADA-4137-B4E8-2108EDCAC3EF}.Release|x86.Build.0 = Release|x86
		{AC2C9CE7-D11B-42B7-95F7-D3B3EB3F3D7E}.Debug|Any CPU.ActiveCfg = Debug|Any CPU
		{AC2C9CE7-D11B-42B7-95F7-D3B3EB3F3D7E}.Debug|Any CPU.Build.0 = Debug|Any CPU
		{AC2C9CE7-D11B-42B7-95F7-D3B3EB3F3D7E}.Debug|x86.ActiveCfg = Debug|x86
		{AC2C9CE7-D11B-42B7-95F7-D3B3EB3F3D7E}.Debug|x86.Build.0 = Debug|x86
		{AC2C9CE7-D11B-42B7-95F7-D3B3EB3F3D7E}.Release|Any CPU.ActiveCfg = Release|Any CPU
		{AC2C9CE7-D11B-42B7-95F7-D3B3EB3F3D7E}.Release|Any CPU.Build.0 = Release|Any CPU
		{AC2C9CE7-D11B-42B7-95F7-D3B3EB3F3D7E}.Release|x86.ActiveCfg = Release|x86
		{AC2C9CE7-D11B-42B7-95F7-D3B3EB3F3D7E}.Release|x86.Build.0 = Release|x86
		{27E3139A-E525-4CE0-828D-53A58F161D0A}.Debug|Any CPU.ActiveCfg = Debug|Any CPU
		{27E3139A-E525-4CE0-828D-53A58F161D0A}.Debug|Any CPU.Build.0 = Debug|Any CPU
		{27E3139A-E525-4CE0-828D-53A58F161D0A}.Debug|x86.ActiveCfg = Debug|x86
		{27E3139A-E525-4CE0-828D-53A58F161D0A}.Debug|x86.Build.0 = Debug|x86
		{27E3139A-E525-4CE0-828D-53A58F161D0A}.Release|Any CPU.ActiveCfg = Release|Any CPU
		{27E3139A-E525-4CE0-828D-53A58F161D0A}.Release|Any CPU.Build.0 = Release|Any CPU
		{27E3139A-E525-4CE0-828D-53A58F161D0A}.Release|x86.ActiveCfg = Release|x86
		{27E3139A-E525-4CE0-828D-53A58F161D0A}.Release|x86.Build.0 = Release|x86
		{088C87EC-4E42-4573-B1DC-F04CC763C6EB}.Debug|Any CPU.ActiveCfg = Debug|Any CPU
		{088C87EC-4E42-4573-B1DC-F04CC763C6EB}.Debug|Any CPU.Build.0 = Debug|Any CPU
		{088C87EC-4E42-4573-B1DC-F04CC763C6EB}.Debug|x86.ActiveCfg = Debug|x86
		{088C87EC-4E42-4573-B1DC-F04CC763C6EB}.Debug|x86.Build.0 = Debug|x86
		{088C87EC-4E42-4573-B1DC-F04CC763C6EB}.Release|Any CPU.ActiveCfg = Release|Any CPU
		{088C87EC-4E42-4573-B1DC-F04CC763C6EB}.Release|Any CPU.Build.0 = Release|Any CPU
		{088C87EC-4E42-4573-B1DC-F04CC763C6EB}.Release|x86.ActiveCfg = Release|x86
		{088C87EC-4E42-4573-B1DC-F04CC763C6EB}.Release|x86.Build.0 = Release|x86
		{6C301B62-352A-4053-9B06-E148A85D47AA}.Debug|Any CPU.ActiveCfg = Debug|Any CPU
		{6C301B62-352A-4053-9B06-E148A85D47AA}.Debug|Any CPU.Build.0 = Debug|Any CPU
		{6C301B62-352A-4053-9B06-E148A85D47AA}.Debug|x86.ActiveCfg = Debug|Any CPU
		{6C301B62-352A-4053-9B06-E148A85D47AA}.Debug|x86.Build.0 = Debug|Any CPU
		{6C301B62-352A-4053-9B06-E148A85D47AA}.Release|Any CPU.ActiveCfg = Release|Any CPU
		{6C301B62-352A-4053-9B06-E148A85D47AA}.Release|Any CPU.Build.0 = Release|Any CPU
		{6C301B62-352A-4053-9B06-E148A85D47AA}.Release|x86.ActiveCfg = Release|Any CPU
		{6C301B62-352A-4053-9B06-E148A85D47AA}.Release|x86.Build.0 = Release|Any CPU
		{43BDCEEA-1305-4EA7-BB5D-2D1815F2ECD4}.Debug|Any CPU.ActiveCfg = Debug|Any CPU
		{43BDCEEA-1305-4EA7-BB5D-2D1815F2ECD4}.Debug|Any CPU.Build.0 = Debug|Any CPU
		{43BDCEEA-1305-4EA7-BB5D-2D1815F2ECD4}.Debug|x86.ActiveCfg = Debug|x86
		{43BDCEEA-1305-4EA7-BB5D-2D1815F2ECD4}.Debug|x86.Build.0 = Debug|x86
		{43BDCEEA-1305-4EA7-BB5D-2D1815F2ECD4}.Release|Any CPU.ActiveCfg = Release|Any CPU
		{43BDCEEA-1305-4EA7-BB5D-2D1815F2ECD4}.Release|Any CPU.Build.0 = Release|Any CPU
		{43BDCEEA-1305-4EA7-BB5D-2D1815F2ECD4}.Release|x86.ActiveCfg = Release|x86
		{43BDCEEA-1305-4EA7-BB5D-2D1815F2ECD4}.Release|x86.Build.0 = Release|x86
	EndGlobalSection
	GlobalSection(SolutionProperties) = preSolution
		HideSolutionNode = FALSE
	EndGlobalSection
	GlobalSection(ExtensibilityGlobals) = postSolution
		SolutionGuid = {66F13CAE-5596-4FE6-AD15-901E54FE9A2C}
	EndGlobalSection
EndGlobal
