
Microsoft Visual Studio Solution File, Format Version 12.00
# Visual Studio Version 16
VisualStudioVersion = 16.0.29521.150
MinimumVisualStudioVersion = 10.0.40219.1
Project("{FAE04EC0-301F-11D3-BF4B-00C04F79EFBC}") = "FileFinder3", "FileFinder3\FileFinder3.csproj", "{5F5BA27F-9ADA-4137-B4E8-2108EDCAC3EF}"
EndProject
Project("{FAE04EC0-301F-11D3-BF4B-00C04F79EFBC}") = "WpfApp1", "WpfApp1\WpfApp1.csproj", "{27E3139A-E525-4CE0-828D-53A58F161D0A}"
EndProject
Project("{FAE04EC0-301F-11D3-BF4B-00C04F79EFBC}") = "ConsoleApp1", "ConsoleApp1\ConsoleApp1.csproj", "{088C87EC-4E42-4573-B1DC-F04CC763C6EB}"
EndProject
Project("{FAE04EC0-301F-11D3-BF4B-00C04F79EFBC}") = "WpfApp1Tests3", "WpfApp1Tests3\WpfApp1Tests3.csproj", "{DF0F893F-5862-4FDF-B62F-33E88D2FDB72}"
EndProject
Project("{9A19103F-16F7-4668-BE54-9A1E7A4F7556}") = "NLog", "..\NLog\src\NLog\NLog.csproj", "{A0BFF0DB-ED9A-4639-AE86-8E709A1EFC66}"
EndProject
Project("{2150E333-8FDC-42A3-9474-1A3956D46DE8}") = "Solution Items", "Solution Items", "{F5E3265D-F718-4980-B5C0-9BFFE079F86D}"
	ProjectSection(SolutionItems) = preProject
		Nuget.Config = Nuget.Config
	EndProjectSection
EndProject
Project("{FAE04EC0-301F-11D3-BF4B-00C04F79EFBC}") = "KayMcCormick.Dev.Test.Metadata", "KayMcCormick.Dev.Test.Metadata\KayMcCormick.Dev.Test.Metadata.csproj", "{CF1DCCEF-3324-45A2-A194-4A7B768E2291}"
EndProject
Project("{9A19103F-16F7-4668-BE54-9A1E7A4F7556}") = "xunit.core", "E:\Kay2020\source\xunit\src\xunit.core\xunit.core.csproj", "{450B4FFE-78C5-447A-A6F0-BF7BB2FAF69B}"
EndProject
Project("{9A19103F-16F7-4668-BE54-9A1E7A4F7556}") = "xunit.execution", "E:\Kay2020\source\xunit\src\xunit.execution\xunit.execution.csproj", "{EB3F1FC0-3176-4541-8B4E-C8DE2FABEC9C}"
EndProject
Project("{9A19103F-16F7-4668-BE54-9A1E7A4F7556}") = "xunit.assert", "E:\Kay2020\source\xunit\src\xunit.assert\xunit.assert.csproj", "{6A9DD501-E837-4D16-9A46-4A2196FBE5DF}"
EndProject
Project("{FAE04EC0-301F-11D3-BF4B-00C04F79EFBC}") = "xunit.NLog", "..\xunit.NLog\xunit.NLog\xunit.NLog.csproj", "{5B28FCF6-60D7-477A-98C3-91CF8900F8F8}"
EndProject
Project("{FAE04EC0-301F-11D3-BF4B-00C04F79EFBC}") = "xunit.NLog.Common", "..\xunit.NLog\xunit.NLog.Common\xunit.NLog.Common.csproj", "{3F472132-7394-42E9-9200-00B439E0D9E6}"
EndProject
Project("{9A19103F-16F7-4668-BE54-9A1E7A4F7556}") = "xunit.abstractions", "E:\Kay2020\source\abstractions.xunit\src\xunit.abstractions\xunit.abstractions.csproj", "{86F0DF9F-0D0B-47F8-9D70-8917A24224D8}"
EndProject
Global
	GlobalSection(SolutionConfigurationPlatforms) = preSolution
		Debug|Any CPU = Debug|Any CPU
		Debug|x86 = Debug|x86
		Release|Any CPU = Release|Any CPU
		Release|x86 = Release|x86
	EndGlobalSection
	GlobalSection(ProjectConfigurationPlatforms) = postSolution
		{5F5BA27F-9ADA-4137-B4E8-2108EDCAC3EF}.Debug|Any CPU.ActiveCfg = Debug|Any CPU
		{5F5BA27F-9ADA-4137-B4E8-2108EDCAC3EF}.Debug|Any CPU.Build.0 = Debug|Any CPU
		{5F5BA27F-9ADA-4137-B4E8-2108EDCAC3EF}.Debug|x86.ActiveCfg = Debug|x86
		{5F5BA27F-9ADA-4137-B4E8-2108EDCAC3EF}.Debug|x86.Build.0 = Debug|x86
		{5F5BA27F-9ADA-4137-B4E8-2108EDCAC3EF}.Release|Any CPU.ActiveCfg = Release|Any CPU
		{5F5BA27F-9ADA-4137-B4E8-2108EDCAC3EF}.Release|Any CPU.Build.0 = Release|Any CPU
		{5F5BA27F-9ADA-4137-B4E8-2108EDCAC3EF}.Release|x86.ActiveCfg = Release|x86
		{5F5BA27F-9ADA-4137-B4E8-2108EDCAC3EF}.Release|x86.Build.0 = Release|x86
		{27E3139A-E525-4CE0-828D-53A58F161D0A}.Debug|Any CPU.ActiveCfg = Debug|Any CPU
		{27E3139A-E525-4CE0-828D-53A58F161D0A}.Debug|Any CPU.Build.0 = Debug|Any CPU
		{27E3139A-E525-4CE0-828D-53A58F161D0A}.Debug|x86.ActiveCfg = Debug|x86
		{27E3139A-E525-4CE0-828D-53A58F161D0A}.Debug|x86.Build.0 = Debug|x86
		{27E3139A-E525-4CE0-828D-53A58F161D0A}.Release|Any CPU.ActiveCfg = Release|Any CPU
		{27E3139A-E525-4CE0-828D-53A58F161D0A}.Release|Any CPU.Build.0 = Release|Any CPU
		{27E3139A-E525-4CE0-828D-53A58F161D0A}.Release|x86.ActiveCfg = Release|x86
		{27E3139A-E525-4CE0-828D-53A58F161D0A}.Release|x86.Build.0 = Release|x86
		{088C87EC-4E42-4573-B1DC-F04CC763C6EB}.Debug|Any CPU.ActiveCfg = Debug|Any CPU
		{088C87EC-4E42-4573-B1DC-F04CC763C6EB}.Debug|Any CPU.Build.0 = Debug|Any CPU
		{088C87EC-4E42-4573-B1DC-F04CC763C6EB}.Debug|x86.ActiveCfg = Debug|x86
		{088C87EC-4E42-4573-B1DC-F04CC763C6EB}.Debug|x86.Build.0 = Debug|x86
		{088C87EC-4E42-4573-B1DC-F04CC763C6EB}.Release|Any CPU.ActiveCfg = Release|Any CPU
		{088C87EC-4E42-4573-B1DC-F04CC763C6EB}.Release|Any CPU.Build.0 = Release|Any CPU
		{088C87EC-4E42-4573-B1DC-F04CC763C6EB}.Release|x86.ActiveCfg = Release|x86
		{088C87EC-4E42-4573-B1DC-F04CC763C6EB}.Release|x86.Build.0 = Release|x86
		{DF0F893F-5862-4FDF-B62F-33E88D2FDB72}.Debug|Any CPU.ActiveCfg = Debug|Any CPU
		{DF0F893F-5862-4FDF-B62F-33E88D2FDB72}.Debug|Any CPU.Build.0 = Debug|Any CPU
		{DF0F893F-5862-4FDF-B62F-33E88D2FDB72}.Debug|x86.ActiveCfg = Debug|Any CPU
		{DF0F893F-5862-4FDF-B62F-33E88D2FDB72}.Debug|x86.Build.0 = Debug|Any CPU
		{DF0F893F-5862-4FDF-B62F-33E88D2FDB72}.Release|Any CPU.ActiveCfg = Release|Any CPU
		{DF0F893F-5862-4FDF-B62F-33E88D2FDB72}.Release|Any CPU.Build.0 = Release|Any CPU
		{DF0F893F-5862-4FDF-B62F-33E88D2FDB72}.Release|x86.ActiveCfg = Release|Any CPU
		{DF0F893F-5862-4FDF-B62F-33E88D2FDB72}.Release|x86.Build.0 = Release|Any CPU
		{A0BFF0DB-ED9A-4639-AE86-8E709A1EFC66}.Debug|Any CPU.ActiveCfg = Debug|Any CPU
		{A0BFF0DB-ED9A-4639-AE86-8E709A1EFC66}.Debug|Any CPU.Build.0 = Debug|Any CPU
		{A0BFF0DB-ED9A-4639-AE86-8E709A1EFC66}.Debug|x86.ActiveCfg = Debug|Any CPU
		{A0BFF0DB-ED9A-4639-AE86-8E709A1EFC66}.Debug|x86.Build.0 = Debug|Any CPU
		{A0BFF0DB-ED9A-4639-AE86-8E709A1EFC66}.Release|Any CPU.ActiveCfg = Release|Any CPU
		{A0BFF0DB-ED9A-4639-AE86-8E709A1EFC66}.Release|Any CPU.Build.0 = Release|Any CPU
		{A0BFF0DB-ED9A-4639-AE86-8E709A1EFC66}.Release|x86.ActiveCfg = Release|Any CPU
		{A0BFF0DB-ED9A-4639-AE86-8E709A1EFC66}.Release|x86.Build.0 = Release|Any CPU
		{CF1DCCEF-3324-45A2-A194-4A7B768E2291}.Debug|Any CPU.ActiveCfg = Debug|Any CPU
		{CF1DCCEF-3324-45A2-A194-4A7B768E2291}.Debug|Any CPU.Build.0 = Debug|Any CPU
		{CF1DCCEF-3324-45A2-A194-4A7B768E2291}.Debug|x86.ActiveCfg = Debug|Any CPU
		{CF1DCCEF-3324-45A2-A194-4A7B768E2291}.Debug|x86.Build.0 = Debug|Any CPU
		{CF1DCCEF-3324-45A2-A194-4A7B768E2291}.Release|Any CPU.ActiveCfg = Release|Any CPU
		{CF1DCCEF-3324-45A2-A194-4A7B768E2291}.Release|Any CPU.Build.0 = Release|Any CPU
		{CF1DCCEF-3324-45A2-A194-4A7B768E2291}.Release|x86.ActiveCfg = Release|Any CPU
		{CF1DCCEF-3324-45A2-A194-4A7B768E2291}.Release|x86.Build.0 = Release|Any CPU
		{450B4FFE-78C5-447A-A6F0-BF7BB2FAF69B}.Debug|Any CPU.ActiveCfg = Debug|Any CPU
		{450B4FFE-78C5-447A-A6F0-BF7BB2FAF69B}.Debug|Any CPU.Build.0 = Debug|Any CPU
		{450B4FFE-78C5-447A-A6F0-BF7BB2FAF69B}.Debug|x86.ActiveCfg = Debug|Any CPU
		{450B4FFE-78C5-447A-A6F0-BF7BB2FAF69B}.Debug|x86.Build.0 = Debug|Any CPU
		{450B4FFE-78C5-447A-A6F0-BF7BB2FAF69B}.Release|Any CPU.ActiveCfg = Release|Any CPU
		{450B4FFE-78C5-447A-A6F0-BF7BB2FAF69B}.Release|Any CPU.Build.0 = Release|Any CPU
		{450B4FFE-78C5-447A-A6F0-BF7BB2FAF69B}.Release|x86.ActiveCfg = Release|Any CPU
		{450B4FFE-78C5-447A-A6F0-BF7BB2FAF69B}.Release|x86.Build.0 = Release|Any CPU
		{EB3F1FC0-3176-4541-8B4E-C8DE2FABEC9C}.Debug|Any CPU.ActiveCfg = Debug|Any CPU
		{EB3F1FC0-3176-4541-8B4E-C8DE2FABEC9C}.Debug|Any CPU.Build.0 = Debug|Any CPU
		{EB3F1FC0-3176-4541-8B4E-C8DE2FABEC9C}.Debug|x86.ActiveCfg = Debug|Any CPU
		{EB3F1FC0-3176-4541-8B4E-C8DE2FABEC9C}.Debug|x86.Build.0 = Debug|Any CPU
		{EB3F1FC0-3176-4541-8B4E-C8DE2FABEC9C}.Release|Any CPU.ActiveCfg = Release|Any CPU
		{EB3F1FC0-3176-4541-8B4E-C8DE2FABEC9C}.Release|Any CPU.Build.0 = Release|Any CPU
		{EB3F1FC0-3176-4541-8B4E-C8DE2FABEC9C}.Release|x86.ActiveCfg = Release|Any CPU
		{EB3F1FC0-3176-4541-8B4E-C8DE2FABEC9C}.Release|x86.Build.0 = Release|Any CPU
		{6A9DD501-E837-4D16-9A46-4A2196FBE5DF}.Debug|Any CPU.ActiveCfg = Debug|Any CPU
		{6A9DD501-E837-4D16-9A46-4A2196FBE5DF}.Debug|Any CPU.Build.0 = Debug|Any CPU
		{6A9DD501-E837-4D16-9A46-4A2196FBE5DF}.Debug|x86.ActiveCfg = Debug|Any CPU
		{6A9DD501-E837-4D16-9A46-4A2196FBE5DF}.Debug|x86.Build.0 = Debug|Any CPU
		{6A9DD501-E837-4D16-9A46-4A2196FBE5DF}.Release|Any CPU.ActiveCfg = Release|Any CPU
		{6A9DD501-E837-4D16-9A46-4A2196FBE5DF}.Release|Any CPU.Build.0 = Release|Any CPU
		{6A9DD501-E837-4D16-9A46-4A2196FBE5DF}.Release|x86.ActiveCfg = Release|Any CPU
		{6A9DD501-E837-4D16-9A46-4A2196FBE5DF}.Release|x86.Build.0 = Release|Any CPU
		{5B28FCF6-60D7-477A-98C3-91CF8900F8F8}.Debug|Any CPU.ActiveCfg = Debug|Any CPU
		{5B28FCF6-60D7-477A-98C3-91CF8900F8F8}.Debug|Any CPU.Build.0 = Debug|Any CPU
		{5B28FCF6-60D7-477A-98C3-91CF8900F8F8}.Debug|x86.ActiveCfg = Debug|Any CPU
		{5B28FCF6-60D7-477A-98C3-91CF8900F8F8}.Debug|x86.Build.0 = Debug|Any CPU
		{5B28FCF6-60D7-477A-98C3-91CF8900F8F8}.Release|Any CPU.ActiveCfg = Release|Any CPU
		{5B28FCF6-60D7-477A-98C3-91CF8900F8F8}.Release|Any CPU.Build.0 = Release|Any CPU
		{5B28FCF6-60D7-477A-98C3-91CF8900F8F8}.Release|x86.ActiveCfg = Release|Any CPU
		{5B28FCF6-60D7-477A-98C3-91CF8900F8F8}.Release|x86.Build.0 = Release|Any CPU
		{3F472132-7394-42E9-9200-00B439E0D9E6}.Debug|Any CPU.ActiveCfg = Debug|Any CPU
		{3F472132-7394-42E9-9200-00B439E0D9E6}.Debug|Any CPU.Build.0 = Debug|Any CPU
		{3F472132-7394-42E9-9200-00B439E0D9E6}.Debug|x86.ActiveCfg = Debug|Any CPU
		{3F472132-7394-42E9-9200-00B439E0D9E6}.Debug|x86.Build.0 = Debug|Any CPU
		{3F472132-7394-42E9-9200-00B439E0D9E6}.Release|Any CPU.ActiveCfg = Release|Any CPU
		{3F472132-7394-42E9-9200-00B439E0D9E6}.Release|Any CPU.Build.0 = Release|Any CPU
		{3F472132-7394-42E9-9200-00B439E0D9E6}.Release|x86.ActiveCfg = Release|Any CPU
		{3F472132-7394-42E9-9200-00B439E0D9E6}.Release|x86.Build.0 = Release|Any CPU
		{86F0DF9F-0D0B-47F8-9D70-8917A24224D8}.Debug|Any CPU.ActiveCfg = Debug|Any CPU
		{86F0DF9F-0D0B-47F8-9D70-8917A24224D8}.Debug|Any CPU.Build.0 = Debug|Any CPU
		{86F0DF9F-0D0B-47F8-9D70-8917A24224D8}.Debug|x86.ActiveCfg = Debug|Any CPU
		{86F0DF9F-0D0B-47F8-9D70-8917A24224D8}.Debug|x86.Build.0 = Debug|Any CPU
		{86F0DF9F-0D0B-47F8-9D70-8917A24224D8}.Release|Any CPU.ActiveCfg = Release|Any CPU
		{86F0DF9F-0D0B-47F8-9D70-8917A24224D8}.Release|Any CPU.Build.0 = Release|Any CPU
		{86F0DF9F-0D0B-47F8-9D70-8917A24224D8}.Release|x86.ActiveCfg = Release|Any CPU
		{86F0DF9F-0D0B-47F8-9D70-8917A24224D8}.Release|x86.Build.0 = Release|Any CPU
	EndGlobalSection
	GlobalSection(SolutionProperties) = preSolution
		HideSolutionNode = FALSE
	EndGlobalSection
	GlobalSection(ExtensibilityGlobals) = postSolution
		SolutionGuid = {66F13CAE-5596-4FE6-AD15-901E54FE9A2C}
	EndGlobalSection
EndGlobal
